
Microsoft Visual Studio Solution File, Format Version 12.00
# Visual Studio Version 17
VisualStudioVersion = 17.3.32804.467
MinimumVisualStudioVersion = 10.0.40219.1
Project("{FAE04EC0-301F-11D3-BF4B-00C04F79EFBC}") = "CTWO80_HFT_2022232.Client", "CTWO80_HFT_2022232.Client\CTWO80_HFT_2022232.Client.csproj", "{82A3B233-DA13-4639-B0CC-5D6DC4F044FF}"
EndProject
Project("{FAE04EC0-301F-11D3-BF4B-00C04F79EFBC}") = "CTWO80_HFT_2022232.Models", "CTWO80_HFT_2022232.Models\CTWO80_HFT_2022232.Models.csproj", "{CBD07619-DAB6-4D8A-9A2C-780937919703}"
EndProject
Project("{FAE04EC0-301F-11D3-BF4B-00C04F79EFBC}") = "CTWO80_HFT_2022232.Logic", "CTWO80_HFT_2022232.Logic\CTWO80_HFT_2022232.Logic.csproj", "{B7111662-ED5A-4D3F-9E4B-9135DF3BAE6D}"
EndProject
Project("{FAE04EC0-301F-11D3-BF4B-00C04F79EFBC}") = "CTWO80_HFT_2022232.Repository", "CTWO80_HFT_2022232.Repository\CTWO80_HFT_2022232.Repository.csproj", "{3E0C4CCA-F2B3-4A68-BB66-ADA7F93747FA}"
EndProject
Project("{FAE04EC0-301F-11D3-BF4B-00C04F79EFBC}") = "CTWO80_HFT_2022232.Endpoint", "CTWO80_HFT_2022232.Endpoint\CTWO80_HFT_2022232.Endpoint.csproj", "{AB2F3494-8018-451D-A0AD-E7124D64610B}"
EndProject
Project("{FAE04EC0-301F-11D3-BF4B-00C04F79EFBC}") = "CTWO80_HFT_2022232.Test", "CTWO80_HFT_2022232.Test\CTWO80_HFT_2022232.Test.csproj", "{6D65BBE0-BEE6-4886-B97D-E0F5F8A4D8A8}"
EndProject
Project("{2150E333-8FDC-42A3-9474-1A3956D46DE8}") = "Frontend", "Frontend", "{C089F803-03FF-4F72-A821-157B87586F08}"
EndProject
Project("{2150E333-8FDC-42A3-9474-1A3956D46DE8}") = "Backend", "Backend", "{A7477DDA-5B85-484D-B315-5E48019A8BD4}"
EndProject
Project("{2150E333-8FDC-42A3-9474-1A3956D46DE8}") = "Shared", "Shared", "{A4BCAB28-0AAF-467E-A5F5-4DB01467D3AB}"
EndProject
Project("{2150E333-8FDC-42A3-9474-1A3956D46DE8}") = "Others", "Others", "{EE1E159C-715C-491A-8DB2-5E090FD83827}"
	ProjectSection(SolutionItems) = preProject
		.gitignore = .gitignore
	EndProjectSection
EndProject
Global
	GlobalSection(SolutionConfigurationPlatforms) = preSolution
		Debug|Any CPU = Debug|Any CPU
		Release|Any CPU = Release|Any CPU
	EndGlobalSection
	GlobalSection(ProjectConfigurationPlatforms) = postSolution
		{82A3B233-DA13-4639-B0CC-5D6DC4F044FF}.Debug|Any CPU.ActiveCfg = Debug|Any CPU
		{82A3B233-DA13-4639-B0CC-5D6DC4F044FF}.Debug|Any CPU.Build.0 = Debug|Any CPU
		{82A3B233-DA13-4639-B0CC-5D6DC4F044FF}.Release|Any CPU.ActiveCfg = Release|Any CPU
		{82A3B233-DA13-4639-B0CC-5D6DC4F044FF}.Release|Any CPU.Build.0 = Release|Any CPU
		{CBD07619-DAB6-4D8A-9A2C-780937919703}.Debug|Any CPU.ActiveCfg = Debug|Any CPU
		{CBD07619-DAB6-4D8A-9A2C-780937919703}.Debug|Any CPU.Build.0 = Debug|Any CPU
		{CBD07619-DAB6-4D8A-9A2C-780937919703}.Release|Any CPU.ActiveCfg = Release|Any CPU
		{CBD07619-DAB6-4D8A-9A2C-780937919703}.Release|Any CPU.Build.0 = Release|Any CPU
		{B7111662-ED5A-4D3F-9E4B-9135DF3BAE6D}.Debug|Any CPU.ActiveCfg = Debug|Any CPU
		{B7111662-ED5A-4D3F-9E4B-9135DF3BAE6D}.Debug|Any CPU.Build.0 = Debug|Any CPU
		{B7111662-ED5A-4D3F-9E4B-9135DF3BAE6D}.Release|Any CPU.ActiveCfg = Release|Any CPU
		{B7111662-ED5A-4D3F-9E4B-9135DF3BAE6D}.Release|Any CPU.Build.0 = Release|Any CPU
		{3E0C4CCA-F2B3-4A68-BB66-ADA7F93747FA}.Debug|Any CPU.ActiveCfg = Debug|Any CPU
		{3E0C4CCA-F2B3-4A68-BB66-ADA7F93747FA}.Debug|Any CPU.Build.0 = Debug|Any CPU
		{3E0C4CCA-F2B3-4A68-BB66-ADA7F93747FA}.Release|Any CPU.ActiveCfg = Release|Any CPU
		{3E0C4CCA-F2B3-4A68-BB66-ADA7F93747FA}.Release|Any CPU.Build.0 = Release|Any CPU
		{AB2F3494-8018-451D-A0AD-E7124D64610B}.Debug|Any CPU.ActiveCfg = Debug|Any CPU
		{AB2F3494-8018-451D-A0AD-E7124D64610B}.Debug|Any CPU.Build.0 = Debug|Any CPU
		{AB2F3494-8018-451D-A0AD-E7124D64610B}.Release|Any CPU.ActiveCfg = Release|Any CPU
		{AB2F3494-8018-451D-A0AD-E7124D64610B}.Release|Any CPU.Build.0 = Release|Any CPU
		{6D65BBE0-BEE6-4886-B97D-E0F5F8A4D8A8}.Debug|Any CPU.ActiveCfg = Debug|Any CPU
		{6D65BBE0-BEE6-4886-B97D-E0F5F8A4D8A8}.Debug|Any CPU.Build.0 = Debug|Any CPU
		{6D65BBE0-BEE6-4886-B97D-E0F5F8A4D8A8}.Release|Any CPU.ActiveCfg = Release|Any CPU
		{6D65BBE0-BEE6-4886-B97D-E0F5F8A4D8A8}.Release|Any CPU.Build.0 = Release|Any CPU
	EndGlobalSection
	GlobalSection(SolutionProperties) = preSolution
		HideSolutionNode = FALSE
	EndGlobalSection
	GlobalSection(NestedProjects) = preSolution
		{82A3B233-DA13-4639-B0CC-5D6DC4F044FF} = {C089F803-03FF-4F72-A821-157B87586F08}
		{CBD07619-DAB6-4D8A-9A2C-780937919703} = {A4BCAB28-0AAF-467E-A5F5-4DB01467D3AB}
		{B7111662-ED5A-4D3F-9E4B-9135DF3BAE6D} = {A7477DDA-5B85-484D-B315-5E48019A8BD4}
		{3E0C4CCA-F2B3-4A68-BB66-ADA7F93747FA} = {A7477DDA-5B85-484D-B315-5E48019A8BD4}
		{AB2F3494-8018-451D-A0AD-E7124D64610B} = {A7477DDA-5B85-484D-B315-5E48019A8BD4}
		{6D65BBE0-BEE6-4886-B97D-E0F5F8A4D8A8} = {A7477DDA-5B85-484D-B315-5E48019A8BD4}
	EndGlobalSection
	GlobalSection(ExtensibilityGlobals) = postSolution
		SolutionGuid = {0162BC15-4ABD-49BD-81C2-CF79EB4373FA}
	EndGlobalSection
EndGlobal
